{
  "version": 1,
  "dependencies": {
    "net6.0": {
      "Expecto": {
        "type": "Direct",
        "requested": "[9.0.4, )",
        "resolved": "9.0.4",
        "contentHash": "n/4a8T3FKDmm7DY97yJD+Tr7T8IOAQLfGjySChwATUo3HIr0Ah1zXXOvpLXrkCi7crPN4O2QmeDDelc7/dUzJw==",
        "dependencies": {
          "FSharp.Core": "4.6.0",
          "Mono.Cecil": "0.11.3"
        }
      },
      "Expecto.Hopac": {
        "type": "Direct",
        "requested": "[9.0.4, )",
        "resolved": "9.0.4",
        "contentHash": "Gnc7ShcdluRDFuffBuA5wlV5TWFqK/S3AgFJvaWdVenG3tmUIBQRO01UPwDuK+WQzP7ZTBmfKzjCPbp5BXi2pQ==",
        "dependencies": {
          "Expecto": "9.0.4",
          "Hopac": "0.4.1"
        }
      },
      "FSharp.Core": {
        "type": "Direct",
        "requested": "[6.0.1, )",
        "resolved": "6.0.1",
        "contentHash": "VrFAiW8dEEekk+0aqlbvMNZzDvYXmgWZwAt68AUBqaWK8RnoEVUNglj66bZzhs4/U63q0EfXlhcEKnH1sTYLjw=="
      },
      "Http.fs": {
        "type": "Direct",
        "requested": "[5.4.0, )",
        "resolved": "5.4.0",
        "contentHash": "mepgMEEdRYrnmJQqZWttENODHd5sVOMPYyFA99UHIJhOtv8+IHJK8Eo5wtidmqr+yzWgV1/VnheZEyQwud3FpA==",
        "dependencies": {
          "FSharp.Core": "4.3.4",
          "Hopac": "0.3.23",
          "System.Diagnostics.FileVersionInfo": "4.3.0"
        }
      },
      "Microsoft.AspNetCore.TestHost": {
        "type": "Direct",
        "requested": "[6.0.1, )",
        "resolved": "6.0.1",
        "contentHash": "bHrqfRVVxvvjYcvGH4ITEG4p2+b6kJrglMyV1/eLmo9s+LC8L0DD7w4yQGHB0IAiaeSHpMeXuC0u7++M+T17tQ==",
        "dependencies": {
          "System.IO.Pipelines": "6.0.1"
        }
      },
      "Microsoft.NET.Test.Sdk": {
        "type": "Direct",
        "requested": "[17.0.0, )",
        "resolved": "17.0.0",
        "contentHash": "fJcnMY3jX1MzJvhGvUWauRhU5eQsOaHdwlrcnI3NabBhbi8WLAkMFI8d0YnewA/+b9q/U7vbhp8Xmh1vJ05FYQ==",
        "dependencies": {
          "Microsoft.CodeCoverage": "17.0.0",
          "Microsoft.TestPlatform.TestHost": "17.0.0"
        }
      },
      "Newtonsoft.Json": {
        "type": "Direct",
        "requested": "[13.0.1, )",
        "resolved": "13.0.1",
        "contentHash": "ppPFpBcvxdsfUonNcvITKqLl3bqxWbDCZIzDWHzjpdAHRFfZe0Dw9HmA0+za13IdyrgJwpkDTDA9fHaxOrt20A=="
      },
      "Unquote": {
        "type": "Direct",
        "requested": "[6.1.0, )",
        "resolved": "6.1.0",
        "contentHash": "eWcVdoxGSRqmvRr6RUN4ko73nLxiY1yhZXdqlriEucAqylcPQc/RCZDobJSnE858MA8SHXwBOX79RQuYp8Z3Cw==",
        "dependencies": {
          "FSharp.Core": "4.7.2"
        }
      },
      "YoloDev.Expecto.TestSdk": {
        "type": "Direct",
        "requested": "[0.12.13, )",
        "resolved": "0.12.13",
        "contentHash": "kMBYWX485+HeVzV05kMnCUyb2I2vzG50B0BJ4Kky3kGoT6U2GHHJY/njjEBmbFB6sN3jwjeoZJjBWBzRvYzW0A==",
        "dependencies": {
          "Expecto": "[9.0.0, 10.0.0)",
          "FSharp.Core": "4.6.0",
          "System.Collections.Immutable": "1.5.0"
        }
      },
      "FSharp.SystemTextJson": {
        "type": "Transitive",
        "resolved": "0.17.4",
        "contentHash": "4PVopgYmAnXLo2rFH9DIKCAApUgaT0CdT+odsZ88iJGs+MUPsysRZayBptkHPoqVYGsA+0yrgnjv2RQjRhSDxA==",
        "dependencies": {
          "FSharp.Core": "4.7.0",
          "System.Text.Json": "4.6.0"
        }
      },
      "Giraffe": {
        "type": "Transitive",
        "resolved": "5.0.0",
        "contentHash": "SqUt99FeWIXkN/7Ju/udOzxxYpMatW0kiSG8rX03KupVudGyC52+gBkfh8fZtfxtRUCGmfANqQGH5y1KosC1Cg==",
        "dependencies": {
          "FSharp.Core": "5.0.0",
          "Giraffe.ViewEngine": "1.3.0",
          "Microsoft.IO.RecyclableMemoryStream": "1.3.6",
          "Newtonsoft.Json": "12.0.3",
          "Ply": "0.3.1",
          "System.Text.Json": "5.0.2",
          "Utf8Json": "1.3.7"
        }
      },
      "Giraffe.ViewEngine": {
        "type": "Transitive",
        "resolved": "1.3.0",
        "contentHash": "T9CSVbIH12K/Scl8ZOVBenLSnSH8SkPugdft+DFMkqR79tPVzLxF/6L/wwvfJhpWA/5z9XsGiCW7XD0nrTnaAA==",
        "dependencies": {
          "FSharp.Core": "5.0.0"
        }
      },
      "Hopac": {
        "type": "Transitive",
        "resolved": "0.5.1",
        "contentHash": "vqkbAF8cNw0YxFoe0svgiR0PJ6fWsrNqdlHvyq/8iXrC5JC9LRLNEStMdv8MiZyg5FWfuYYvEuElpCxhxA8QqA==",
        "dependencies": {
          "FSharp.Core": "4.5.2"
        }
      },
      "Microsoft.CodeCoverage": {
        "type": "Transitive",
        "resolved": "17.0.0",
        "contentHash": "+B+09FPYBtf+cXfZOPIgpnP5mzLq5QdlBo+JEFy9CdqBaWHWE/YMY0Mos9uDsZhcgFegJm9GigAgMyqBZyfq+Q=="
      },
      "Microsoft.IO.RecyclableMemoryStream": {
        "type": "Transitive",
        "resolved": "1.3.6",
        "contentHash": "yIQcWha/0D5Y4ylTW41cpAWTa7xyH2FcHgsDGbw3IemhP6gwfDtn3Bn/dqNp8fLq26TZ+A+98oj9lAeqa7r9nA=="
      },
      "Microsoft.NETCore.Platforms": {
        "type": "Transitive",
        "resolved": "1.1.0",
        "contentHash": "kz0PEW2lhqygehI/d6XsPCQzD7ff7gUJaVGPVETX611eadGsA3A877GdSlU0LRVMCTH/+P3o2iDTak+S08V2+A=="
      },
      "Microsoft.NETCore.Targets": {
        "type": "Transitive",
        "resolved": "1.1.0",
        "contentHash": "aOZA3BWfz9RXjpzt0sRJJMjAscAUm3Hoa4UWAfceV9UTYxgwZ1lZt5nO2myFf+/jetYQo4uTP7zS8sJY67BBxg=="
      },
      "Microsoft.TestPlatform.ObjectModel": {
        "type": "Transitive",
        "resolved": "17.0.0",
        "contentHash": "WMugCdPkA8U/BsSRc+3RN+DXcaYSDvp/s0MofVld08iF1O5fek4iKecygk6NruNf1rgJsv4LK71mrwbyeqhzHA==",
        "dependencies": {
          "NuGet.Frameworks": "5.0.0",
          "System.Reflection.Metadata": "1.6.0"
        }
      },
      "Microsoft.TestPlatform.TestHost": {
        "type": "Transitive",
        "resolved": "17.0.0",
        "contentHash": "xkKFzm0hylHF0SlDj78ACYMJC/i8fQ3i16sDDNYoKnjTsstGSQfuSBJ+QT4nqRXk/fOiYTh+iY0KIX5N7HTLuQ==",
        "dependencies": {
          "Microsoft.TestPlatform.ObjectModel": "17.0.0",
          "Newtonsoft.Json": "9.0.1"
        }
      },
      "Mono.Cecil": {
        "type": "Transitive",
        "resolved": "0.11.3",
        "contentHash": "DNYE+io5XfEE8+E+5padThTPHJARJHbz1mhbhMPNrrWGKVKKqj/KEeLvbawAmbIcT73NuxLV7itHZaYCZcVWGg=="
      },
      "NuGet.Frameworks": {
        "type": "Transitive",
        "resolved": "5.0.0",
        "contentHash": "c5JVjuVAm4f7E9Vj+v09Z9s2ZsqFDjBpcsyS3M9xRo0bEdm/LVZSzLxxNvfvAwRiiE8nwe1h2G4OwiwlzFKXlA=="
      },
      "Ply": {
        "type": "Transitive",
        "resolved": "0.3.1",
        "contentHash": "+Jtg/ID8isRXdvB0/vpsuSpzrLY33rYtzSscdfijOaXqRqzVdah08ljpOZhQPKuid4JRX3RRzxNqc1p8azZbbg==",
        "dependencies": {
          "FSharp.Core": "4.6.2",
          "System.Threading.Tasks.Extensions": "4.5.4"
        }
      },
      "System.Collections.Immutable": {
        "type": "Transitive",
        "resolved": "1.5.0",
        "contentHash": "EXKiDFsChZW0RjrZ4FYHu9aW6+P4MCgEDCklsVseRfhoO0F+dXeMSsMRAlVXIo06kGJ/zv+2w1a2uc2+kxxSaQ=="
      },
      "System.Diagnostics.FileVersionInfo": {
        "type": "Transitive",
        "resolved": "4.3.0",
        "contentHash": "omCF64wzQ3Q2CeIqkD6lmmxeMZtGHUmzgFMPjfVaOsyqpR66p/JaZzManMw1s33osoAb5gqpncsjie67+yUPHQ==",
        "dependencies": {
          "Microsoft.NETCore.Platforms": "1.1.0",
          "System.Globalization": "4.3.0",
          "System.IO": "4.3.0",
          "System.IO.FileSystem": "4.3.0",
          "System.IO.FileSystem.Primitives": "4.3.0",
          "System.Reflection.Metadata": "1.4.1",
          "System.Runtime": "4.3.0",
          "System.Runtime.Extensions": "4.3.0",
          "System.Runtime.InteropServices": "4.3.0"
        }
      },
      "System.Globalization": {
        "type": "Transitive",
        "resolved": "4.3.0",
        "contentHash": "kYdVd2f2PAdFGblzFswE4hkNANJBKRmsfa2X5LG2AcWE1c7/4t0pYae1L8vfZ5xvE2nK/R9JprtToA61OSHWIg==",
        "dependencies": {
          "Microsoft.NETCore.Platforms": "1.1.0",
          "Microsoft.NETCore.Targets": "1.1.0",
          "System.Runtime": "4.3.0"
        }
      },
      "System.IO": {
        "type": "Transitive",
        "resolved": "4.3.0",
        "contentHash": "3qjaHvxQPDpSOYICjUoTsmoq5u6QJAFRUITgeT/4gqkF1bajbSmb1kwSxEA8AHlofqgcKJcM8udgieRNhaJ5Cg==",
        "dependencies": {
          "Microsoft.NETCore.Platforms": "1.1.0",
          "Microsoft.NETCore.Targets": "1.1.0",
          "System.Runtime": "4.3.0",
          "System.Text.Encoding": "4.3.0",
          "System.Threading.Tasks": "4.3.0"
        }
      },
      "System.IO.FileSystem": {
        "type": "Transitive",
        "resolved": "4.3.0",
        "contentHash": "3wEMARTnuio+ulnvi+hkRNROYwa1kylvYahhcLk4HSoVdl+xxTFVeVlYOfLwrDPImGls0mDqbMhrza8qnWPTdA==",
        "dependencies": {
          "Microsoft.NETCore.Platforms": "1.1.0",
          "Microsoft.NETCore.Targets": "1.1.0",
          "System.IO": "4.3.0",
          "System.IO.FileSystem.Primitives": "4.3.0",
          "System.Runtime": "4.3.0",
          "System.Runtime.Handles": "4.3.0",
          "System.Text.Encoding": "4.3.0",
          "System.Threading.Tasks": "4.3.0"
        }
      },
      "System.IO.FileSystem.Primitives": {
        "type": "Transitive",
        "resolved": "4.3.0",
        "contentHash": "6QOb2XFLch7bEc4lIcJH49nJN2HV+OC3fHDgsLVsBVBk3Y4hFAnOBGzJ2lUu7CyDDFo9IBWkSsnbkT6IBwwiMw==",
        "dependencies": {
          "System.Runtime": "4.3.0"
        }
      },
      "System.IO.Pipelines": {
        "type": "Transitive",
        "resolved": "6.0.1",
        "contentHash": "1j1pZX1ICzEyjafyssU3BzWVxUsaN3zq0wEmGKj3bxINC6NkmS30eEVuZ7k/QX2UKYNCaUch6g46taYKxcpFtw=="
      },
      "System.Reflection": {
        "type": "Transitive",
        "resolved": "4.3.0",
        "contentHash": "KMiAFoW7MfJGa9nDFNcfu+FpEdiHpWgTcS2HdMpDvt9saK3y/G4GwprPyzqjFH9NTaGPQeWNHU+iDlDILj96aQ==",
        "dependencies": {
          "Microsoft.NETCore.Platforms": "1.1.0",
          "Microsoft.NETCore.Targets": "1.1.0",
          "System.IO": "4.3.0",
          "System.Reflection.Primitives": "4.3.0",
          "System.Runtime": "4.3.0"
        }
      },
      "System.Reflection.Emit": {
        "type": "Transitive",
        "resolved": "4.3.0",
        "contentHash": "228FG0jLcIwTVJyz8CLFKueVqQK36ANazUManGaJHkO0icjiIypKW7YLWLIWahyIkdh5M7mV2dJepllLyA1SKg==",
        "dependencies": {
          "System.IO": "4.3.0",
          "System.Reflection": "4.3.0",
          "System.Reflection.Emit.ILGeneration": "4.3.0",
          "System.Reflection.Primitives": "4.3.0",
          "System.Runtime": "4.3.0"
        }
      },
      "System.Reflection.Emit.ILGeneration": {
        "type": "Transitive",
        "resolved": "4.3.0",
        "contentHash": "59tBslAk9733NXLrUJrwNZEzbMAcu8k344OYo+wfSVygcgZ9lgBdGIzH/nrg3LYhXceynyvTc8t5/GD4Ri0/ng==",
        "dependencies": {
          "System.Reflection": "4.3.0",
          "System.Reflection.Primitives": "4.3.0",
          "System.Runtime": "4.3.0"
        }
      },
      "System.Reflection.Emit.Lightweight": {
        "type": "Transitive",
        "resolved": "4.3.0",
        "contentHash": "oadVHGSMsTmZsAF864QYN1t1QzZjIcuKU3l2S9cZOwDdDueNTrqq1yRj7koFfIGEnKpt6NjpL3rOzRhs4ryOgA==",
        "dependencies": {
          "System.Reflection": "4.3.0",
          "System.Reflection.Emit.ILGeneration": "4.3.0",
          "System.Reflection.Primitives": "4.3.0",
          "System.Runtime": "4.3.0"
        }
      },
      "System.Reflection.Metadata": {
        "type": "Transitive",
        "resolved": "1.6.0",
        "contentHash": "COC1aiAJjCoA5GBF+QKL2uLqEBew4JsCkQmoHKbN3TlOZKa2fKLz5CpiRQKDz0RsAOEGsVKqOD5bomsXq/4STQ=="
      },
      "System.Reflection.Primitives": {
        "type": "Transitive",
        "resolved": "4.3.0",
        "contentHash": "5RXItQz5As4xN2/YUDxdpsEkMhvw3e6aNveFXUn4Hl/udNTCNhnKp8lT9fnc3MhvGKh1baak5CovpuQUXHAlIA==",
        "dependencies": {
          "Microsoft.NETCore.Platforms": "1.1.0",
          "Microsoft.NETCore.Targets": "1.1.0",
          "System.Runtime": "4.3.0"
        }
      },
      "System.Runtime": {
        "type": "Transitive",
        "resolved": "4.3.0",
        "contentHash": "JufQi0vPQ0xGnAczR13AUFglDyVYt4Kqnz1AZaiKZ5+GICq0/1MH/mO/eAJHt/mHW1zjKBJd7kV26SrxddAhiw==",
        "dependencies": {
          "Microsoft.NETCore.Platforms": "1.1.0",
          "Microsoft.NETCore.Targets": "1.1.0"
        }
      },
      "System.Runtime.Extensions": {
        "type": "Transitive",
        "resolved": "4.3.0",
        "contentHash": "guW0uK0fn5fcJJ1tJVXYd7/1h5F+pea1r7FLSOz/f8vPEqbR2ZAknuRDvTQ8PzAilDveOxNjSfr0CHfIQfFk8g==",
        "dependencies": {
          "Microsoft.NETCore.Platforms": "1.1.0",
          "Microsoft.NETCore.Targets": "1.1.0",
          "System.Runtime": "4.3.0"
        }
      },
      "System.Runtime.Handles": {
        "type": "Transitive",
        "resolved": "4.3.0",
        "contentHash": "OKiSUN7DmTWeYb3l51A7EYaeNMnvxwE249YtZz7yooT4gOZhmTjIn48KgSsw2k2lYdLgTKNJw/ZIfSElwDRVgg==",
        "dependencies": {
          "Microsoft.NETCore.Platforms": "1.1.0",
          "Microsoft.NETCore.Targets": "1.1.0",
          "System.Runtime": "4.3.0"
        }
      },
      "System.Runtime.InteropServices": {
        "type": "Transitive",
        "resolved": "4.3.0",
        "contentHash": "uv1ynXqiMK8mp1GM3jDqPCFN66eJ5w5XNomaK2XD+TuCroNTLFGeZ+WCmBMcBDyTFKou3P6cR6J/QsaqDp7fGQ==",
        "dependencies": {
          "Microsoft.NETCore.Platforms": "1.1.0",
          "Microsoft.NETCore.Targets": "1.1.0",
          "System.Reflection": "4.3.0",
          "System.Reflection.Primitives": "4.3.0",
          "System.Runtime": "4.3.0",
          "System.Runtime.Handles": "4.3.0"
        }
      },
      "System.Text.Encoding": {
        "type": "Transitive",
        "resolved": "4.3.0",
        "contentHash": "BiIg+KWaSDOITze6jGQynxg64naAPtqGHBwDrLaCtixsa5bKiR8dpPOHA7ge3C0JJQizJE+sfkz1wV+BAKAYZw==",
        "dependencies": {
          "Microsoft.NETCore.Platforms": "1.1.0",
          "Microsoft.NETCore.Targets": "1.1.0",
          "System.Runtime": "4.3.0"
        }
      },
      "System.Text.Json": {
        "type": "Transitive",
        "resolved": "5.0.2",
        "contentHash": "I47dVIGiV6SfAyppphxqupertT/5oZkYLDCX6vC3HpOI4ZLjyoKAreUoem2ie6G0RbRuFrlqz/PcTQjfb2DOfQ=="
      },
      "System.Threading.Tasks": {
        "type": "Transitive",
        "resolved": "4.3.0",
        "contentHash": "LbSxKEdOUhVe8BezB/9uOGGppt+nZf6e1VFyw6v3DN6lqitm0OSn2uXMOdtP0M3W4iMcqcivm2J6UgqiwwnXiA==",
        "dependencies": {
          "Microsoft.NETCore.Platforms": "1.1.0",
          "Microsoft.NETCore.Targets": "1.1.0",
          "System.Runtime": "4.3.0"
        }
      },
      "System.Threading.Tasks.Extensions": {
        "type": "Transitive",
        "resolved": "4.5.4",
        "contentHash": "zteT+G8xuGu6mS+mzDzYXbzS7rd3K6Fjb9RiZlYlJPam2/hU7JCBZBVEcywNuR+oZ1ncTvc/cq0faRr3P01OVg=="
      },
      "System.ValueTuple": {
        "type": "Transitive",
        "resolved": "4.4.0",
        "contentHash": "BahUww/+mdP4ARCAh2RQhQTg13wYLVrBb9SYVgW8ZlrwjraGCXHGjo0oIiUfZ34LUZkMMR+RAzR7dEY4S1HeQQ=="
      },
      "Utf8Json": {
        "type": "Transitive",
        "resolved": "1.3.7",
        "contentHash": "lMTNZWp6a6KGkgMc3rW41D3b0REb03fQycfb/2bNBpiUtsbGYYI/LrAhnX52vrHRe4ze7JxbtpWF1Y5ohdpipQ==",
        "dependencies": {
          "System.Reflection.Emit": "4.3.0",
          "System.Reflection.Emit.Lightweight": "4.3.0",
          "System.Threading.Tasks.Extensions": "4.4.0",
          "System.ValueTuple": "4.4.0"
        }
      },
      "felicity": {
        "type": "Project",
        "dependencies": {
          "FSharp.Core": "6.0.0",
          "FSharp.SystemTextJson": "0.17.4",
          "Giraffe": "5.0.0",
          "Hopac": "0.5.1"
        }
      }
    }
  }
}